# envctr.lock
# Generated by envctr on 2026-05-08-14-32-00
# Do not edit manually.

[meta]
envctr_version = 1.0.0
project_name   = myapi
generated_at   = 2026-05-08-14-32-00
generated_by   = ahmed

[runtime]
language = node
version  = 18.17.1

[services]
detected = postgresql redis

[ports]
detected = 3000 5432 6379

[environment]
required_vars = DATABASE_URL REDIS_URL JWT_SECRET PORT

[backend]
type = docker
